
Microsoft Visual Studio Solution File, Format Version 12.00
# Visual Studio Version 17
VisualStudioVersion = 17.14.36623.8 d17.14
MinimumVisualStudioVersion = 10.0.40219.1
Project("{2150E333-8FDC-42A3-9474-1A3956D46DE8}") = "Task0", "Task0", "{02EA681E-C7D8-13C7-8484-4AC65E1B71E8}"
EndProject
Project("{2150E333-8FDC-42A3-9474-1A3956D46DE8}") = "Task1", "Task1", "{9CAEA853-2F04-445D-BE93-4F655E0A0E67}"
EndProject
Project("{2150E333-8FDC-42A3-9474-1A3956D46DE8}") = "Task2", "Task2", "{BA78E005-0229-4496-A7F8-552E7CCB3979}"
EndProject
Project("{2150E333-8FDC-42A3-9474-1A3956D46DE8}") = "Task3", "Task3", "{92CBF003-7C82-486A-9470-1E00499364E9}"
EndProject
Project("{2150E333-8FDC-42A3-9474-1A3956D46DE8}") = "Task4", "Task4", "{CE2414CE-AC03-432B-9B2A-E0A53170A2FB}"
EndProject
Project("{2150E333-8FDC-42A3-9474-1A3956D46DE8}") = "Task5", "Task5", "{B4BC7D5B-170C-4F36-816D-0FD5E530CBD4}"
EndProject
Project("{2150E333-8FDC-42A3-9474-1A3956D46DE8}") = "Task6", "Task6", "{42037984-7425-48D4-9A1D-D83AD8B057D8}"
EndProject
Project("{2150E333-8FDC-42A3-9474-1A3956D46DE8}") = "Task7", "Task7", "{CF575FB1-F4D7-4617-9056-71CBE9F332F6}"
EndProject
Project("{FAE04EC0-301F-11D3-BF4B-00C04F79EFBC}") = "Tyuiu.ZjatkovDV.Sprint5.Task0.V3", "Tyuiu.ZjatkovDV.Sprint5.Task0.V3\Tyuiu.ZjatkovDV.Sprint5.Task0.V3.csproj", "{AD2E6956-6012-4736-85DF-E561BD4912D6}"
EndProject
Project("{FAE04EC0-301F-11D3-BF4B-00C04F79EFBC}") = "Tyuiu.ZjatkovDV.Sprint5.Task0.V3.Lib", "Tyuiu.ZjatkovDV.Sprint5.Task0.V3.Lib\Tyuiu.ZjatkovDV.Sprint5.Task0.V3.Lib.csproj", "{D4806779-0861-4586-94D5-A7DAD37C17D6}"
EndProject
Project("{FAE04EC0-301F-11D3-BF4B-00C04F79EFBC}") = "Tyuiu.ZjatkovDV.Sprint5.Task0.V3.Test", "Tyuiu.ZjatkovDV.Sprint5.Task0.V3.Test\Tyuiu.ZjatkovDV.Sprint5.Task0.V3.Test.csproj", "{DDA0931B-9269-44CE-B682-B5BE2EB31D46}"
EndProject
Project("{FAE04EC0-301F-11D3-BF4B-00C04F79EFBC}") = "Tyuiu.ZjatkovDV.Sprint5.Task1.V10", "Tyuiu.ZjatkovDV.Sprint5.Task1.V10\Tyuiu.ZjatkovDV.Sprint5.Task1.V10.csproj", "{F4943998-FE42-4C2A-83D9-CBC234168468}"
EndProject
Project("{FAE04EC0-301F-11D3-BF4B-00C04F79EFBC}") = "Tyuiu.ZjatkovDV.Sprint5.Task1.V10.Lib", "Tyuiu.ZjatkovDV.Sprint5.Task1.V10.Lib\Tyuiu.ZjatkovDV.Sprint5.Task1.V10.Lib.csproj", "{F8673119-6BD7-408B-B460-200F0D3C21FE}"
EndProject
Project("{FAE04EC0-301F-11D3-BF4B-00C04F79EFBC}") = "Tyuiu.ZjatkovDV.Sprint5.Task1.V10.Test", "Tyuiu.ZjatkovDV.Sprint5.Task1.V10.Test\Tyuiu.ZjatkovDV.Sprint5.Task1.V10.Test.csproj", "{80E01B82-5E32-4C92-85FA-7D8B8F6FF21B}"
EndProject
Project("{FAE04EC0-301F-11D3-BF4B-00C04F79EFBC}") = "Tyuiu.ZjatkovDV.Sprint5.Task2.V11", "Tyuiu.ZjatkovDV.Sprint5.Task2.V11\Tyuiu.ZjatkovDV.Sprint5.Task2.V11.csproj", "{5405524B-AB58-4742-9B66-90BF6121748C}"
EndProject
Project("{FAE04EC0-301F-11D3-BF4B-00C04F79EFBC}") = "Tyuiu.ZjatkovDV.Sprint5.Task2.V11.Lib", "Tyuiu.ZjatkovDV.Sprint5.Task2.V11.Lib\Tyuiu.ZjatkovDV.Sprint5.Task2.V11.Lib.csproj", "{F609F197-608D-45FC-846F-BC0F43F34A5E}"
EndProject
Project("{FAE04EC0-301F-11D3-BF4B-00C04F79EFBC}") = "Tyuiu.ZjatkovDV.Sprint5.Task2.V11.Test", "Tyuiu.ZjatkovDV.Sprint5.Task2.V11.Test\Tyuiu.ZjatkovDV.Sprint5.Task2.V11.Test.csproj", "{2409193D-4136-4DC4-852D-96DE9D8F5DBD}"
EndProject
Project("{FAE04EC0-301F-11D3-BF4B-00C04F79EFBC}") = "Tyuiu.ZjatkovDV.Sprint5.Task3.V13", "Tyuiu.ZjatkovDV.Sprint5.Task3.V13\Tyuiu.ZjatkovDV.Sprint5.Task3.V13.csproj", "{1B675DD2-4A51-46CA-BCA5-8FC109874A69}"
EndProject
Project("{FAE04EC0-301F-11D3-BF4B-00C04F79EFBC}") = "Tyuiu.ZjatkovDV.Sprint5.Task3.V13.Lib", "Tyuiu.ZjatkovDV.Sprint5.Task3.V13.Lib\Tyuiu.ZjatkovDV.Sprint5.Task3.V13.Lib.csproj", "{7C29EAAC-EEDF-4C86-8C54-A764505BE8F4}"
EndProject
Project("{FAE04EC0-301F-11D3-BF4B-00C04F79EFBC}") = "Tyuiu.ZjatkovDV.Sprint5.Task3.V13.Test", "Tyuiu.ZjatkovDV.Sprint5.Task3.V13.Test\Tyuiu.ZjatkovDV.Sprint5.Task3.V13.Test.csproj", "{E981E0F9-F3BE-4BC0-B102-A0044AA7AC30}"
EndProject
Project("{FAE04EC0-301F-11D3-BF4B-00C04F79EFBC}") = "Tyuiu.ZjatkovDV.Sprint5.Task4.V7", "Tyuiu.ZjatkovDV.Sprint5.Task4.V7\Tyuiu.ZjatkovDV.Sprint5.Task4.V7.csproj", "{9A6968A6-A49A-4DA5-B423-A033D05288F5}"
EndProject
Project("{FAE04EC0-301F-11D3-BF4B-00C04F79EFBC}") = "Tyuiu.ZjatkovDV.Sprint5.Task4.V7.Lib", "Tyuiu.ZjatkovDV.Sprint5.Task4.V7.Lib\Tyuiu.ZjatkovDV.Sprint5.Task4.V7.Lib.csproj", "{2C4D78EB-3286-4C5E-8F9F-39EFA871C9DC}"
EndProject
Project("{FAE04EC0-301F-11D3-BF4B-00C04F79EFBC}") = "Tyuiu.ZjatkovDV.Sprint5.Task4.V7.Test", "Tyuiu.ZjatkovDV.Sprint5.Task4.V7.Test\Tyuiu.ZjatkovDV.Sprint5.Task4.V7.Test.csproj", "{35BFCE76-32BD-41FC-8B66-99E08CF28CEA}"
EndProject
Project("{FAE04EC0-301F-11D3-BF4B-00C04F79EFBC}") = "Tyuiu.ZjatkovDV.Sprint5.Task5.V9", "Tyuiu.ZjatkovDV.Sprint5.Task5.V9\Tyuiu.ZjatkovDV.Sprint5.Task5.V9.csproj", "{D7B76452-EE8E-457B-A018-2FD35ADB940F}"
EndProject
Project("{FAE04EC0-301F-11D3-BF4B-00C04F79EFBC}") = "Tyuiu.ZjatkovDV.Sprint5.Task5.V9.Lib", "Tyuiu.ZjatkovDV.Sprint5.Task5.V9.Lib\Tyuiu.ZjatkovDV.Sprint5.Task5.V9.Lib.csproj", "{A51D6A23-1AEC-435B-A36B-C499FF0E1BCB}"
EndProject
Project("{FAE04EC0-301F-11D3-BF4B-00C04F79EFBC}") = "Tyuiu.ZjatkovDV.Sprint5.Task5.V9.Test", "Tyuiu.ZjatkovDV.Sprint5.Task5.V9.Test\Tyuiu.ZjatkovDV.Sprint5.Task5.V9.Test.csproj", "{9DF18EBF-366B-4809-BF3A-8F063296D7F4}"
EndProject
Project("{FAE04EC0-301F-11D3-BF4B-00C04F79EFBC}") = "Tyuiu.ZjatkovDV.Sprint5.Task6.V21", "Tyuiu.ZjatkovDV.Sprint5.Task6.V21\Tyuiu.ZjatkovDV.Sprint5.Task6.V21.csproj", "{03D9A679-298A-4DED-82E3-DCE7ABAB8992}"
EndProject
Project("{FAE04EC0-301F-11D3-BF4B-00C04F79EFBC}") = "Tyuiu.ZjatkovDV.Sprint5.Task6.V21.Lib", "Tyuiu.ZjatkovDV.Sprint5.Task6.V21.Lib\Tyuiu.ZjatkovDV.Sprint5.Task6.V21.Lib.csproj", "{00770A30-DA53-42C9-921B-1A85ECE03E2A}"
EndProject
Project("{FAE04EC0-301F-11D3-BF4B-00C04F79EFBC}") = "Tyuiu.ZjatkovDV.Sprint5.Task6.V21.Test", "Tyuiu.ZjatkovDV.Sprint5.Task6.V21.Test\Tyuiu.ZjatkovDV.Sprint5.Task6.V21.Test.csproj", "{B7D63E17-DDEF-4F7A-B20F-43434C252943}"
EndProject
Project("{FAE04EC0-301F-11D3-BF4B-00C04F79EFBC}") = "Tyuiu.ZjatkovDV.Sprint5.Task7.V13", "Tyuiu.ZjatkovDV.Sprint5.Task7.V13\Tyuiu.ZjatkovDV.Sprint5.Task7.V13.csproj", "{A7EBEDF9-5D66-45FC-92FF-0BF293FA61D3}"
EndProject
Project("{FAE04EC0-301F-11D3-BF4B-00C04F79EFBC}") = "Tyuiu.ZjatkovDV.Sprint5.Task7.V13.Lib", "Tyuiu.ZjatkovDV.Sprint5.Task7.V13.Lib\Tyuiu.ZjatkovDV.Sprint5.Task7.V13.Lib.csproj", "{7F9336EE-C3D0-4814-AD33-08A18D858337}"
EndProject
Project("{FAE04EC0-301F-11D3-BF4B-00C04F79EFBC}") = "Tyuiu.ZjatkovDV.Sprint5.Task7.V13.Test", "Tyuiu.ZjatkovDV.Sprint5.Task7.V13.Test\Tyuiu.ZjatkovDV.Sprint5.Task7.V13.Test.csproj", "{97FF7B6E-8B70-4A31-AEC6-3773E7BD08FD}"
EndProject
Global
	GlobalSection(SolutionConfigurationPlatforms) = preSolution
		Debug|Any CPU = Debug|Any CPU
		Release|Any CPU = Release|Any CPU
	EndGlobalSection
	GlobalSection(ProjectConfigurationPlatforms) = postSolution
		{AD2E6956-6012-4736-85DF-E561BD4912D6}.Debug|Any CPU.ActiveCfg = Debug|Any CPU
		{AD2E6956-6012-4736-85DF-E561BD4912D6}.Debug|Any CPU.Build.0 = Debug|Any CPU
		{AD2E6956-6012-4736-85DF-E561BD4912D6}.Release|Any CPU.ActiveCfg = Release|Any CPU
		{AD2E6956-6012-4736-85DF-E561BD4912D6}.Release|Any CPU.Build.0 = Release|Any CPU
		{D4806779-0861-4586-94D5-A7DAD37C17D6}.Debug|Any CPU.ActiveCfg = Debug|Any CPU
		{D4806779-0861-4586-94D5-A7DAD37C17D6}.Debug|Any CPU.Build.0 = Debug|Any CPU
		{D4806779-0861-4586-94D5-A7DAD37C17D6}.Release|Any CPU.ActiveCfg = Release|Any CPU
		{D4806779-0861-4586-94D5-A7DAD37C17D6}.Release|Any CPU.Build.0 = Release|Any CPU
		{DDA0931B-9269-44CE-B682-B5BE2EB31D46}.Debug|Any CPU.ActiveCfg = Debug|Any CPU
		{DDA0931B-9269-44CE-B682-B5BE2EB31D46}.Debug|Any CPU.Build.0 = Debug|Any CPU
		{DDA0931B-9269-44CE-B682-B5BE2EB31D46}.Release|Any CPU.ActiveCfg = Release|Any CPU
		{DDA0931B-9269-44CE-B682-B5BE2EB31D46}.Release|Any CPU.Build.0 = Release|Any CPU
		{F4943998-FE42-4C2A-83D9-CBC234168468}.Debug|Any CPU.ActiveCfg = Debug|Any CPU
		{F4943998-FE42-4C2A-83D9-CBC234168468}.Debug|Any CPU.Build.0 = Debug|Any CPU
		{F4943998-FE42-4C2A-83D9-CBC234168468}.Release|Any CPU.ActiveCfg = Release|Any CPU
		{F4943998-FE42-4C2A-83D9-CBC234168468}.Release|Any CPU.Build.0 = Release|Any CPU
		{F8673119-6BD7-408B-B460-200F0D3C21FE}.Debug|Any CPU.ActiveCfg = Debug|Any CPU
		{F8673119-6BD7-408B-B460-200F0D3C21FE}.Debug|Any CPU.Build.0 = Debug|Any CPU
		{F8673119-6BD7-408B-B460-200F0D3C21FE}.Release|Any CPU.ActiveCfg = Release|Any CPU
		{F8673119-6BD7-408B-B460-200F0D3C21FE}.Release|Any CPU.Build.0 = Release|Any CPU
		{80E01B82-5E32-4C92-85FA-7D8B8F6FF21B}.Debug|Any CPU.ActiveCfg = Debug|Any CPU
		{80E01B82-5E32-4C92-85FA-7D8B8F6FF21B}.Debug|Any CPU.Build.0 = Debug|Any CPU
		{80E01B82-5E32-4C92-85FA-7D8B8F6FF21B}.Release|Any CPU.ActiveCfg = Release|Any CPU
		{80E01B82-5E32-4C92-85FA-7D8B8F6FF21B}.Release|Any CPU.Build.0 = Release|Any CPU
		{5405524B-AB58-4742-9B66-90BF6121748C}.Debug|Any CPU.ActiveCfg = Debug|Any CPU
		{5405524B-AB58-4742-9B66-90BF6121748C}.Debug|Any CPU.Build.0 = Debug|Any CPU
		{5405524B-AB58-4742-9B66-90BF6121748C}.Release|Any CPU.ActiveCfg = Release|Any CPU
		{5405524B-AB58-4742-9B66-90BF6121748C}.Release|Any CPU.Build.0 = Release|Any CPU
		{F609F197-608D-45FC-846F-BC0F43F34A5E}.Debug|Any CPU.ActiveCfg = Debug|Any CPU
		{F609F197-608D-45FC-846F-BC0F43F34A5E}.Debug|Any CPU.Build.0 = Debug|Any CPU
		{F609F197-608D-45FC-846F-BC0F43F34A5E}.Release|Any CPU.ActiveCfg = Release|Any CPU
		{F609F197-608D-45FC-846F-BC0F43F34A5E}.Release|Any CPU.Build.0 = Release|Any CPU
		{2409193D-4136-4DC4-852D-96DE9D8F5DBD}.Debug|Any CPU.ActiveCfg = Debug|Any CPU
		{2409193D-4136-4DC4-852D-96DE9D8F5DBD}.Debug|Any CPU.Build.0 = Debug|Any CPU
		{2409193D-4136-4DC4-852D-96DE9D8F5DBD}.Release|Any CPU.ActiveCfg = Release|Any CPU
		{2409193D-4136-4DC4-852D-96DE9D8F5DBD}.Release|Any CPU.Build.0 = Release|Any CPU
		{1B675DD2-4A51-46CA-BCA5-8FC109874A69}.Debug|Any CPU.ActiveCfg = Debug|Any CPU
		{1B675DD2-4A51-46CA-BCA5-8FC109874A69}.Debug|Any CPU.Build.0 = Debug|Any CPU
		{1B675DD2-4A51-46CA-BCA5-8FC109874A69}.Release|Any CPU.ActiveCfg = Release|Any CPU
		{1B675DD2-4A51-46CA-BCA5-8FC109874A69}.Release|Any CPU.Build.0 = Release|Any CPU
		{7C29EAAC-EEDF-4C86-8C54-A764505BE8F4}.Debug|Any CPU.ActiveCfg = Debug|Any CPU
		{7C29EAAC-EEDF-4C86-8C54-A764505BE8F4}.Debug|Any CPU.Build.0 = Debug|Any CPU
		{7C29EAAC-EEDF-4C86-8C54-A764505BE8F4}.Release|Any CPU.ActiveCfg = Release|Any CPU
		{7C29EAAC-EEDF-4C86-8C54-A764505BE8F4}.Release|Any CPU.Build.0 = Release|Any CPU
		{E981E0F9-F3BE-4BC0-B102-A0044AA7AC30}.Debug|Any CPU.ActiveCfg = Debug|Any CPU
		{E981E0F9-F3BE-4BC0-B102-A0044AA7AC30}.Debug|Any CPU.Build.0 = Debug|Any CPU
		{E981E0F9-F3BE-4BC0-B102-A0044AA7AC30}.Release|Any CPU.ActiveCfg = Release|Any CPU
		{E981E0F9-F3BE-4BC0-B102-A0044AA7AC30}.Release|Any CPU.Build.0 = Release|Any CPU
		{9A6968A6-A49A-4DA5-B423-A033D05288F5}.Debug|Any CPU.ActiveCfg = Debug|Any CPU
		{9A6968A6-A49A-4DA5-B423-A033D05288F5}.Debug|Any CPU.Build.0 = Debug|Any CPU
		{9A6968A6-A49A-4DA5-B423-A033D05288F5}.Release|Any CPU.ActiveCfg = Release|Any CPU
		{9A6968A6-A49A-4DA5-B423-A033D05288F5}.Release|Any CPU.Build.0 = Release|Any CPU
		{2C4D78EB-3286-4C5E-8F9F-39EFA871C9DC}.Debug|Any CPU.ActiveCfg = Debug|Any CPU
		{2C4D78EB-3286-4C5E-8F9F-39EFA871C9DC}.Debug|Any CPU.Build.0 = Debug|Any CPU
		{2C4D78EB-3286-4C5E-8F9F-39EFA871C9DC}.Release|Any CPU.ActiveCfg = Release|Any CPU
		{2C4D78EB-3286-4C5E-8F9F-39EFA871C9DC}.Release|Any CPU.Build.0 = Release|Any CPU
		{35BFCE76-32BD-41FC-8B66-99E08CF28CEA}.Debug|Any CPU.ActiveCfg = Debug|Any CPU
		{35BFCE76-32BD-41FC-8B66-99E08CF28CEA}.Debug|Any CPU.Build.0 = Debug|Any CPU
		{35BFCE76-32BD-41FC-8B66-99E08CF28CEA}.Release|Any CPU.ActiveCfg = Release|Any CPU
		{35BFCE76-32BD-41FC-8B66-99E08CF28CEA}.Release|Any CPU.Build.0 = Release|Any CPU
		{D7B76452-EE8E-457B-A018-2FD35ADB940F}.Debug|Any CPU.ActiveCfg = Debug|Any CPU
		{D7B76452-EE8E-457B-A018-2FD35ADB940F}.Debug|Any CPU.Build.0 = Debug|Any CPU
		{D7B76452-EE8E-457B-A018-2FD35ADB940F}.Release|Any CPU.ActiveCfg = Release|Any CPU
		{D7B76452-EE8E-457B-A018-2FD35ADB940F}.Release|Any CPU.Build.0 = Release|Any CPU
		{A51D6A23-1AEC-435B-A36B-C499FF0E1BCB}.Debug|Any CPU.ActiveCfg = Debug|Any CPU
		{A51D6A23-1AEC-435B-A36B-C499FF0E1BCB}.Debug|Any CPU.Build.0 = Debug|Any CPU
		{A51D6A23-1AEC-435B-A36B-C499FF0E1BCB}.Release|Any CPU.ActiveCfg = Release|Any CPU
		{A51D6A23-1AEC-435B-A36B-C499FF0E1BCB}.Release|Any CPU.Build.0 = Release|Any CPU
		{9DF18EBF-366B-4809-BF3A-8F063296D7F4}.Debug|Any CPU.ActiveCfg = Debug|Any CPU
		{9DF18EBF-366B-4809-BF3A-8F063296D7F4}.Debug|Any CPU.Build.0 = Debug|Any CPU
		{9DF18EBF-366B-4809-BF3A-8F063296D7F4}.Release|Any CPU.ActiveCfg = Release|Any CPU
		{9DF18EBF-366B-4809-BF3A-8F063296D7F4}.Release|Any CPU.Build.0 = Release|Any CPU
		{03D9A679-298A-4DED-82E3-DCE7ABAB8992}.Debug|Any CPU.ActiveCfg = Debug|Any CPU
		{03D9A679-298A-4DED-82E3-DCE7ABAB8992}.Debug|Any CPU.Build.0 = Debug|Any CPU
		{03D9A679-298A-4DED-82E3-DCE7ABAB8992}.Release|Any CPU.ActiveCfg = Release|Any CPU
		{03D9A679-298A-4DED-82E3-DCE7ABAB8992}.Release|Any CPU.Build.0 = Release|Any CPU
		{00770A30-DA53-42C9-921B-1A85ECE03E2A}.Debug|Any CPU.ActiveCfg = Debug|Any CPU
		{00770A30-DA53-42C9-921B-1A85ECE03E2A}.Debug|Any CPU.Build.0 = Debug|Any CPU
		{00770A30-DA53-42C9-921B-1A85ECE03E2A}.Release|Any CPU.ActiveCfg = Release|Any CPU
		{00770A30-DA53-42C9-921B-1A85ECE03E2A}.Release|Any CPU.Build.0 = Release|Any CPU
		{B7D63E17-DDEF-4F7A-B20F-43434C252943}.Debug|Any CPU.ActiveCfg = Debug|Any CPU
		{B7D63E17-DDEF-4F7A-B20F-43434C252943}.Debug|Any CPU.Build.0 = Debug|Any CPU
		{B7D63E17-DDEF-4F7A-B20F-43434C252943}.Release|Any CPU.ActiveCfg = Release|Any CPU
		{B7D63E17-DDEF-4F7A-B20F-43434C252943}.Release|Any CPU.Build.0 = Release|Any CPU
		{A7EBEDF9-5D66-45FC-92FF-0BF293FA61D3}.Debug|Any CPU.ActiveCfg = Debug|Any CPU
		{A7EBEDF9-5D66-45FC-92FF-0BF293FA61D3}.Debug|Any CPU.Build.0 = Debug|Any CPU
		{A7EBEDF9-5D66-45FC-92FF-0BF293FA61D3}.Release|Any CPU.ActiveCfg = Release|Any CPU
		{A7EBEDF9-5D66-45FC-92FF-0BF293FA61D3}.Release|Any CPU.Build.0 = Release|Any CPU
		{7F9336EE-C3D0-4814-AD33-08A18D858337}.Debug|Any CPU.ActiveCfg = Debug|Any CPU
		{7F9336EE-C3D0-4814-AD33-08A18D858337}.Debug|Any CPU.Build.0 = Debug|Any CPU
		{7F9336EE-C3D0-4814-AD33-08A18D858337}.Release|Any CPU.ActiveCfg = Release|Any CPU
		{7F9336EE-C3D0-4814-AD33-08A18D858337}.Release|Any CPU.Build.0 = Release|Any CPU
		{97FF7B6E-8B70-4A31-AEC6-3773E7BD08FD}.Debug|Any CPU.ActiveCfg = Debug|Any CPU
		{97FF7B6E-8B70-4A31-AEC6-3773E7BD08FD}.Debug|Any CPU.Build.0 = Debug|Any CPU
		{97FF7B6E-8B70-4A31-AEC6-3773E7BD08FD}.Release|Any CPU.ActiveCfg = Release|Any CPU
		{97FF7B6E-8B70-4A31-AEC6-3773E7BD08FD}.Release|Any CPU.Build.0 = Release|Any CPU
	EndGlobalSection
	GlobalSection(SolutionProperties) = preSolution
		HideSolutionNode = FALSE
	EndGlobalSection
	GlobalSection(NestedProjects) = preSolution
		{AD2E6956-6012-4736-85DF-E561BD4912D6} = {02EA681E-C7D8-13C7-8484-4AC65E1B71E8}
		{D4806779-0861-4586-94D5-A7DAD37C17D6} = {02EA681E-C7D8-13C7-8484-4AC65E1B71E8}
		{DDA0931B-9269-44CE-B682-B5BE2EB31D46} = {02EA681E-C7D8-13C7-8484-4AC65E1B71E8}
		{F4943998-FE42-4C2A-83D9-CBC234168468} = {9CAEA853-2F04-445D-BE93-4F655E0A0E67}
		{F8673119-6BD7-408B-B460-200F0D3C21FE} = {9CAEA853-2F04-445D-BE93-4F655E0A0E67}
		{80E01B82-5E32-4C92-85FA-7D8B8F6FF21B} = {9CAEA853-2F04-445D-BE93-4F655E0A0E67}
		{5405524B-AB58-4742-9B66-90BF6121748C} = {BA78E005-0229-4496-A7F8-552E7CCB3979}
		{F609F197-608D-45FC-846F-BC0F43F34A5E} = {BA78E005-0229-4496-A7F8-552E7CCB3979}
		{2409193D-4136-4DC4-852D-96DE9D8F5DBD} = {BA78E005-0229-4496-A7F8-552E7CCB3979}
		{1B675DD2-4A51-46CA-BCA5-8FC109874A69} = {92CBF003-7C82-486A-9470-1E00499364E9}
		{7C29EAAC-EEDF-4C86-8C54-A764505BE8F4} = {92CBF003-7C82-486A-9470-1E00499364E9}
		{E981E0F9-F3BE-4BC0-B102-A0044AA7AC30} = {92CBF003-7C82-486A-9470-1E00499364E9}
		{9A6968A6-A49A-4DA5-B423-A033D05288F5} = {CE2414CE-AC03-432B-9B2A-E0A53170A2FB}
		{2C4D78EB-3286-4C5E-8F9F-39EFA871C9DC} = {CE2414CE-AC03-432B-9B2A-E0A53170A2FB}
		{35BFCE76-32BD-41FC-8B66-99E08CF28CEA} = {CE2414CE-AC03-432B-9B2A-E0A53170A2FB}
		{D7B76452-EE8E-457B-A018-2FD35ADB940F} = {B4BC7D5B-170C-4F36-816D-0FD5E530CBD4}
		{A51D6A23-1AEC-435B-A36B-C499FF0E1BCB} = {B4BC7D5B-170C-4F36-816D-0FD5E530CBD4}
		{9DF18EBF-366B-4809-BF3A-8F063296D7F4} = {B4BC7D5B-170C-4F36-816D-0FD5E530CBD4}
		{03D9A679-298A-4DED-82E3-DCE7ABAB8992} = {42037984-7425-48D4-9A1D-D83AD8B057D8}
		{00770A30-DA53-42C9-921B-1A85ECE03E2A} = {42037984-7425-48D4-9A1D-D83AD8B057D8}
		{B7D63E17-DDEF-4F7A-B20F-43434C252943} = {42037984-7425-48D4-9A1D-D83AD8B057D8}
		{A7EBEDF9-5D66-45FC-92FF-0BF293FA61D3} = {CF575FB1-F4D7-4617-9056-71CBE9F332F6}
		{7F9336EE-C3D0-4814-AD33-08A18D858337} = {CF575FB1-F4D7-4617-9056-71CBE9F332F6}
		{97FF7B6E-8B70-4A31-AEC6-3773E7BD08FD} = {CF575FB1-F4D7-4617-9056-71CBE9F332F6}
	EndGlobalSection
	GlobalSection(ExtensibilityGlobals) = postSolution
		SolutionGuid = {B7274610-2637-4709-BBCC-19A6C08C6210}
	EndGlobalSection
EndGlobal
